# This file was autogenerated by Stack.
# You should not edit this file by hand.
# For more information, please see the documentation at:
#   https://docs.haskellstack.org/en/stable/lock_files

packages:
- completed:
    hackage: cairo-0.13.8.1@sha256:1938aaeb5d3504678d995774dfe870f6b66cbd43d336b692fa8779b23b2b67a9,4075
    pantry-tree:
      size: 2830
      sha256: 8f6344da4c578a4dd3a49c333e2158b695bfae32a74d34a76bbc6e531b70c95c
  original:
    hackage: cairo-0.13.8.1@sha256:1938aaeb5d3504678d995774dfe870f6b66cbd43d336b692fa8779b23b2b67a9,4075
- completed:
    hackage: gtk2hs-buildtools-0.13.8.0@sha256:132f38155fc677430a47ea750918973161c876fb6f281d342ac2f07eb99229ce,5238
    pantry-tree:
      size: 3588
      sha256: 4552e3c0f2ef0f16285c38898d7e2b6aeea67d4e37cd203b0c82f70592096c45
  original:
    hackage: gtk2hs-buildtools-0.13.8.0@sha256:132f38155fc677430a47ea750918973161c876fb6f281d342ac2f07eb99229ce,5238
- completed:
    hackage: diagrams-cairo-1.4.1.1@sha256:24dd541b2c98f5a5785a68ea136bf154a4ffca571e0638660dd1ced45e4a84cb,3811
    pantry-tree:
      size: 721
      sha256: 1b133e90dde15763d3c7c4c8fc0d896d314693ad36b8fe6db4281c223e5b1666
  original:
    hackage: diagrams-cairo-1.4.1.1@sha256:24dd541b2c98f5a5785a68ea136bf154a4ffca571e0638660dd1ced45e4a84cb,3811
- completed:
    hackage: pango-0.13.8.1@sha256:877b121c0bf87c96d3619effae6751ecfd74b7f7f3227cf3fde012597aed5ed9,3917
    pantry-tree:
      size: 1506
      sha256: eec456a3d16f1a9305196a86a7c49a6f2cfe1b041a50b02059dc4898a07a3bd9
  original:
    hackage: pango-0.13.8.1@sha256:877b121c0bf87c96d3619effae6751ecfd74b7f7f3227cf3fde012597aed5ed9,3917
- completed:
    hackage: glib-0.13.8.1@sha256:42670daf0c85309281e08ba8559df75daa2e3be642e79fdfa781bef5e59658b0,3156
    pantry-tree:
      size: 1625
      sha256: 1167575db8823b7a9f5fbaebdbc0ea5cef54301e442754ec256ba9371bd388e7
  original:
    hackage: glib-0.13.8.1@sha256:42670daf0c85309281e08ba8559df75daa2e3be642e79fdfa781bef5e59658b0,3156
snapshots:
- completed:
    size: 531932
    url: https://raw.githubusercontent.com/commercialhaskell/stackage-snapshots/master/lts/16/7.yaml
    sha256: 96ceeddd4fd68b2d430f7695a12eadefee760b7034c88c75d99d0f380f483068
  original: lts-16.7
